
Microsoft Visual Studio Solution File, Format Version 12.00
# Visual Studio Version 17
VisualStudioVersion = 17.14.36310.24 d17.14
MinimumVisualStudioVersion = 10.0.40219.1
Project("{FAE04EC0-301F-11D3-BF4B-00C04F79EFBC}") = "Examination System", "Examination System.csproj", "{8E03B942-7605-4BDF-AA4D-FAA377C4C325}"
EndProject
Global
	GlobalSection(SolutionConfigurationPlatforms) = preSolution
		Debug|Any CPU = Debug|Any CPU
		Release|Any CPU = Release|Any CPU
	EndGlobalSection
	GlobalSection(ProjectConfigurationPlatforms) = postSolution
		{8E03B942-7605-4BDF-AA4D-FAA377C4C325}.Debug|Any CPU.ActiveCfg = Debug|Any CPU
		{8E03B942-7605-4BDF-AA4D-FAA377C4C325}.Debug|Any CPU.Build.0 = Debug|Any CPU
		{8E03B942-7605-4BDF-AA4D-FAA377C4C325}.Release|Any CPU.ActiveCfg = Release|Any CPU
		{8E03B942-7605-4BDF-AA4D-FAA377C4C325}.Release|Any CPU.Build.0 = Release|Any CPU
	EndGlobalSection
	GlobalSection(SolutionProperties) = preSolution
		HideSolutionNode = FALSE
	EndGlobalSection
	GlobalSection(ExtensibilityGlobals) = postSolution
		SolutionGuid = {AFF03344-F81E-4367-8B9A-2C4E3DF7A413}
	EndGlobalSection
EndGlobal
