
Microsoft Visual Studio Solution File, Format Version 12.00
# Visual Studio Version 17
VisualStudioVersion = 17.14.36310.24 d17.14
MinimumVisualStudioVersion = 10.0.40219.1
Project("{FAE04EC0-301F-11D3-BF4B-00C04F79EFBC}") = "Session 3", "Session 3.csproj", "{08FCE6FE-1592-418C-B6F2-258A77084A73}"
EndProject
Global
	GlobalSection(SolutionConfigurationPlatforms) = preSolution
		Debug|Any CPU = Debug|Any CPU
		Release|Any CPU = Release|Any CPU
	EndGlobalSection
	GlobalSection(ProjectConfigurationPlatforms) = postSolution
		{08FCE6FE-1592-418C-B6F2-258A77084A73}.Debug|Any CPU.ActiveCfg = Debug|Any CPU
		{08FCE6FE-1592-418C-B6F2-258A77084A73}.Debug|Any CPU.Build.0 = Debug|Any CPU
		{08FCE6FE-1592-418C-B6F2-258A77084A73}.Release|Any CPU.ActiveCfg = Release|Any CPU
		{08FCE6FE-1592-418C-B6F2-258A77084A73}.Release|Any CPU.Build.0 = Release|Any CPU
	EndGlobalSection
	GlobalSection(SolutionProperties) = preSolution
		HideSolutionNode = FALSE
	EndGlobalSection
	GlobalSection(ExtensibilityGlobals) = postSolution
		SolutionGuid = {6D4F2641-8F13-4C29-8836-6E0B08E45D1B}
	EndGlobalSection
EndGlobal
